// !$*UTF8*$!
{
	archiveVersion = 1;
	classes = {
	};
	objectVersion = 48;
	objects = {

/* Begin PBXBuildFile section */
		1334145024994983BBA0AE9B /* libPods-Elemap.a in Frameworks */ = {isa = PBXBuildFile; fileRef = F97E3BC7ACF0140463FA0CFD /* libPods-Elemap.a */; };
		84D7D690200AB23300CD6E4D /* AppDelegate.swift in Sources */ = {isa = PBXBuildFile; fileRef = 84D7D68F200AB23300CD6E4D /* AppDelegate.swift */; };
		84D7D692200AB23300CD6E4D /* MainVC.swift in Sources */ = {isa = PBXBuildFile; fileRef = 84D7D691200AB23300CD6E4D /* MainVC.swift */; };
		84D7D695200AB23300CD6E4D /* Main.storyboard in Resources */ = {isa = PBXBuildFile; fileRef = 84D7D693200AB23300CD6E4D /* Main.storyboard */; };
		84D7D697200AB23300CD6E4D /* Assets.xcassets in Resources */ = {isa = PBXBuildFile; fileRef = 84D7D696200AB23300CD6E4D /* Assets.xcassets */; };
		84D7D69A200AB23300CD6E4D /* LaunchScreen.storyboard in Resources */ = {isa = PBXBuildFile; fileRef = 84D7D698200AB23300CD6E4D /* LaunchScreen.storyboard */; };
		84D7D6A2200AB7D200CD6E4D /* DetailVC.swift in Sources */ = {isa = PBXBuildFile; fileRef = 84D7D6A1200AB7D200CD6E4D /* DetailVC.swift */; };
/* End PBXBuildFile section */

/* Begin PBXFileReference section */
		06E33C69A9FCEFAAF45020A1 /* Pods-Elemap.debug.xcconfig */ = {isa = PBXFileReference; includeInIndex = 1; lastKnownFileType = text.xcconfig; name = "Pods-Elemap.debug.xcconfig"; path = "Pods/Target Support Files/Pods-Elemap/Pods-Elemap.debug.xcconfig"; sourceTree = "<group>"; };
		7AA3C461798DE925CFD5DCFD /* Pods-Elemap.release.xcconfig */ = {isa = PBXFileReference; includeInIndex = 1; lastKnownFileType = text.xcconfig; name = "Pods-Elemap.release.xcconfig"; path = "Pods/Target Support Files/Pods-Elemap/Pods-Elemap.release.xcconfig"; sourceTree = "<group>"; };
		84D7D68C200AB23300CD6E4D /* Elemap.app */ = {isa = PBXFileReference; explicitFileType = wrapper.application; includeInIndex = 0; path = Elemap.app; sourceTree = BUILT_PRODUCTS_DIR; };
		84D7D68F200AB23300CD6E4D /* AppDelegate.swift */ = {isa = PBXFileReference; lastKnownFileType = sourcecode.swift; path = AppDelegate.swift; sourceTree = "<group>"; };
		84D7D691200AB23300CD6E4D /* MainVC.swift */ = {isa = PBXFileReference; lastKnownFileType = sourcecode.swift; path = MainVC.swift; sourceTree = "<group>"; };
		84D7D694200AB23300CD6E4D /* Base */ = {isa = PBXFileReference; lastKnownFileType = file.storyboard; name = Base; path = Base.lproj/Main.storyboard; sourceTree = "<group>"; };
		84D7D696200AB23300CD6E4D /* Assets.xcassets */ = {isa = PBXFileReference; lastKnownFileType = folder.assetcatalog; path = Assets.xcassets; sourceTree = "<group>"; };
		84D7D699200AB23300CD6E4D /* Base */ = {isa = PBXFileReference; lastKnownFileType = file.storyboard; name = Base; path = Base.lproj/LaunchScreen.storyboard; sourceTree = "<group>"; };
		84D7D69B200AB23300CD6E4D /* Info.plist */ = {isa = PBXFileReference; lastKnownFileType = text.plist.xml; path = Info.plist; sourceTree = "<group>"; };
		84D7D6A1200AB7D200CD6E4D /* DetailVC.swift */ = {isa = PBXFileReference; lastKnownFileType = sourcecode.swift; path = DetailVC.swift; sourceTree = "<group>"; };
		F97E3BC7ACF0140463FA0CFD /* libPods-Elemap.a */ = {isa = PBXFileReference; explicitFileType = archive.ar; includeInIndex = 0; path = "libPods-Elemap.a"; sourceTree = BUILT_PRODUCTS_DIR; };
/* End PBXFileReference section */

/* Begin PBXFrameworksBuildPhase section */
		84D7D689200AB23300CD6E4D /* Frameworks */ = {
			isa = PBXFrameworksBuildPhase;
			buildActionMask = 2147483647;
			files = (
				1334145024994983BBA0AE9B /* libPods-Elemap.a in Frameworks */,
			);
			runOnlyForDeploymentPostprocessing = 0;
		};
/* End PBXFrameworksBuildPhase section */

/* Begin PBXGroup section */
		3C820BC7205CC543E27544ED /* Frameworks */ = {
			isa = PBXGroup;
			children = (
				F97E3BC7ACF0140463FA0CFD /* libPods-Elemap.a */,
			);
			name = Frameworks;
			sourceTree = "<group>";
		};
		84D7D683200AB23300CD6E4D = {
			isa = PBXGroup;
			children = (
				84D7D68E200AB23300CD6E4D /* Elemap */,
				84D7D68D200AB23300CD6E4D /* Products */,
				FE779D46DC6576282AF493E0 /* Pods */,
				3C820BC7205CC543E27544ED /* Frameworks */,
			);
			sourceTree = "<group>";
		};
		84D7D68D200AB23300CD6E4D /* Products */ = {
			isa = PBXGroup;
			children = (
				84D7D68C200AB23300CD6E4D /* Elemap.app */,
			);
			name = Products;
			sourceTree = "<group>";
		};
		84D7D68E200AB23300CD6E4D /* Elemap */ = {
			isa = PBXGroup;
			children = (
				84D7D693200AB23300CD6E4D /* Main.storyboard */,
				84D7D691200AB23300CD6E4D /* MainVC.swift */,
				84D7D6A1200AB7D200CD6E4D /* DetailVC.swift */,
				84D7D68F200AB23300CD6E4D /* AppDelegate.swift */,
				84D7D696200AB23300CD6E4D /* Assets.xcassets */,
				84D7D698200AB23300CD6E4D /* LaunchScreen.storyboard */,
				84D7D69B200AB23300CD6E4D /* Info.plist */,
			);
			path = Elemap;
			sourceTree = "<group>";
		};
		FE779D46DC6576282AF493E0 /* Pods */ = {
			isa = PBXGroup;
			children = (
				06E33C69A9FCEFAAF45020A1 /* Pods-Elemap.debug.xcconfig */,
				7AA3C461798DE925CFD5DCFD /* Pods-Elemap.release.xcconfig */,
			);
			name = Pods;
			sourceTree = "<group>";
		};
/* End PBXGroup section */

/* Begin PBXNativeTarget section */
		84D7D68B200AB23300CD6E4D /* Elemap */ = {
			isa = PBXNativeTarget;
			buildConfigurationList = 84D7D69E200AB23300CD6E4D /* Build configuration list for PBXNativeTarget "Elemap" */;
			buildPhases = (
				C17F0570BA09559850C81241 /* [CP] Check Pods Manifest.lock */,
				84D7D688200AB23300CD6E4D /* Sources */,
				84D7D689200AB23300CD6E4D /* Frameworks */,
				84D7D68A200AB23300CD6E4D /* Resources */,
				5D59F47F450D42E497D0687E /* [CP] Embed Pods Frameworks */,
				1B7A6C2934687072391CE2EF /* [CP] Copy Pods Resources */,
			);
			buildRules = (
			);
			dependencies = (
			);
			name = Elemap;
			productName = Elemap;
			productReference = 84D7D68C200AB23300CD6E4D /* Elemap.app */;
			productType = "com.apple.product-type.application";
		};
/* End PBXNativeTarget section */

/* Begin PBXProject section */
		84D7D684200AB23300CD6E4D /* Project object */ = {
			isa = PBXProject;
			attributes = {
				LastSwiftUpdateCheck = 0920;
				LastUpgradeCheck = 0920;
				ORGANIZATIONNAME = "Igor Karyi";
				TargetAttributes = {
					84D7D68B200AB23300CD6E4D = {
						CreatedOnToolsVersion = 9.2;
						ProvisioningStyle = Automatic;
					};
				};
			};
			buildConfigurationList = 84D7D687200AB23300CD6E4D /* Build configuration list for PBXProject "Elemap" */;
			compatibilityVersion = "Xcode 8.0";
			developmentRegion = en;
			hasScannedForEncodings = 0;
			knownRegions = (
				en,
				Base,
			);
			mainGroup = 84D7D683200AB23300CD6E4D;
			productRefGroup = 84D7D68D200AB23300CD6E4D /* Products */;
			projectDirPath = "";
			projectRoot = "";
			targets = (
				84D7D68B200AB23300CD6E4D /* Elemap */,
			);
		};
/* End PBXProject section */

/* Begin PBXResourcesBuildPhase section */
		84D7D68A200AB23300CD6E4D /* Resources */ = {
			isa = PBXResourcesBuildPhase;
			buildActionMask = 2147483647;
			files = (
				84D7D69A200AB23300CD6E4D /* LaunchScreen.storyboard in Resources */,
				84D7D697200AB23300CD6E4D /* Assets.xcassets in Resources */,
				84D7D695200AB23300CD6E4D /* Main.storyboard in Resources */,
			);
			runOnlyForDeploymentPostprocessing = 0;
		};
/* End PBXResourcesBuildPhase section */

/* Begin PBXShellScriptBuildPhase section */
		1B7A6C2934687072391CE2EF /* [CP] Copy Pods Resources */ = {
			isa = PBXShellScriptBuildPhase;
			buildActionMask = 2147483647;
			files = (
			);
			inputPaths = (
			);
			name = "[CP] Copy Pods Resources";
			outputPaths = (
			);
			runOnlyForDeploymentPostprocessing = 0;
			shellPath = /bin/sh;
			shellScript = "\"${SRCROOT}/Pods/Target Support Files/Pods-Elemap/Pods-Elemap-resources.sh\"\n";
			showEnvVarsInLog = 0;
		};
		5D59F47F450D42E497D0687E /* [CP] Embed Pods Frameworks */ = {
			isa = PBXShellScriptBuildPhase;
			buildActionMask = 2147483647;
			files = (
			);
			inputPaths = (
			);
			name = "[CP] Embed Pods Frameworks";
			outputPaths = (
			);
			runOnlyForDeploymentPostprocessing = 0;
			shellPath = /bin/sh;
			shellScript = "\"${SRCROOT}/Pods/Target Support Files/Pods-Elemap/Pods-Elemap-frameworks.sh\"\n";
			showEnvVarsInLog = 0;
		};
		C17F0570BA09559850C81241 /* [CP] Check Pods Manifest.lock */ = {
			isa = PBXShellScriptBuildPhase;
			buildActionMask = 2147483647;
			files = (
			);
			inputPaths = (
			);
			name = "[CP] Check Pods Manifest.lock";
			outputPaths = (
			);
			runOnlyForDeploymentPostprocessing = 0;
			shellPath = /bin/sh;
			shellScript = "diff \"${PODS_ROOT}/../Podfile.lock\" \"${PODS_ROOT}/Manifest.lock\" > /dev/null\nif [ $? != 0 ] ; then\n    # print error to STDERR\n    echo \"error: The sandbox is not in sync with the Podfile.lock. Run 'pod install' or update your CocoaPods installation.\" >&2\n    exit 1\nfi\n";
			showEnvVarsInLog = 0;
		};
/* End PBXShellScriptBuildPhase section */

/* Begin PBXSourcesBuildPhase section */
		84D7D688200AB23300CD6E4D /* Sources */ = {
			isa = PBXSourcesBuildPhase;
			buildActionMask = 2147483647;
			files = (
				84D7D692200AB23300CD6E4D /* MainVC.swift in Sources */,
				84D7D690200AB23300CD6E4D /* AppDelegate.swift in Sources */,
				84D7D6A2200AB7D200CD6E4D /* DetailVC.swift in Sources */,
			);
			runOnlyForDeploymentPostprocessing = 0;
		};
/* End PBXSourcesBuildPhase section */

/* Begin PBXVariantGroup section */
		84D7D693200AB23300CD6E4D /* Main.storyboard */ = {
			isa = PBXVariantGroup;
			children = (
				84D7D694200AB23300CD6E4D /* Base */,
			);
			name = Main.storyboard;
			sourceTree = "<group>";
		};
		84D7D698200AB23300CD6E4D /* LaunchScreen.storyboard */ = {
			isa = PBXVariantGroup;
			children = (
				84D7D699200AB23300CD6E4D /* Base */,
			);
			name = LaunchScreen.storyboard;
			sourceTree = "<group>";
		};
/* End PBXVariantGroup section */

/* Begin XCBuildConfiguration section */
		84D7D69C200AB23300CD6E4D /* Debug */ = {
			isa = XCBuildConfiguration;
			buildSettings = {
				ALWAYS_SEARCH_USER_PATHS = NO;
				CLANG_ANALYZER_NONNULL = YES;
				CLANG_ANALYZER_NUMBER_OBJECT_CONVERSION = YES_AGGRESSIVE;
				CLANG_CXX_LANGUAGE_STANDARD = "gnu++14";
				CLANG_CXX_LIBRARY = "libc++";
				CLANG_ENABLE_MODULES = YES;
				CLANG_ENABLE_OBJC_ARC = YES;
				CLANG_WARN_BLOCK_CAPTURE_AUTORELEASING = YES;
				CLANG_WARN_BOOL_CONVERSION = YES;
				CLANG_WARN_COMMA = YES;
				CLANG_WARN_CONSTANT_CONVERSION = YES;
				CLANG_WARN_DIRECT_OBJC_ISA_USAGE = YES_ERROR;
				CLANG_WARN_DOCUMENTATION_COMMENTS = YES;
				CLANG_WARN_EMPTY_BODY = YES;
				CLANG_WARN_ENUM_CONVERSION = YES;
				CLANG_WARN_INFINITE_RECURSION = YES;
				CLANG_WARN_INT_CONVERSION = YES;
				CLANG_WARN_NON_LITERAL_NULL_CONVERSION = YES;
				CLANG_WARN_OBJC_LITERAL_CONVERSION = YES;
				CLANG_WARN_OBJC_ROOT_CLASS = YES_ERROR;
				CLANG_WARN_RANGE_LOOP_ANALYSIS = YES;
				CLANG_WARN_STRICT_PROTOTYPES = YES;
				CLANG_WARN_SUSPICIOUS_MOVE = YES;
				CLANG_WARN_UNGUARDED_AVAILABILITY = YES_AGGRESSIVE;
				CLANG_WARN_UNREACHABLE_CODE = YES;
				CLANG_WARN__DUPLICATE_METHOD_MATCH = YES;
				CODE_SIGN_IDENTITY = "iPhone Developer";
				COPY_PHASE_STRIP = NO;
				DEBUG_INFORMATION_FORMAT = dwarf;
				ENABLE_STRICT_OBJC_MSGSEND = YES;
				ENABLE_TESTABILITY = YES;
				GCC_C_LANGUAGE_STANDARD = gnu11;
				GCC_DYNAMIC_NO_PIC = NO;
				GCC_NO_COMMON_BLOCKS = YES;
				GCC_OPTIMIZATION_LEVEL = 0;
				GCC_PREPROCESSOR_DEFINITIONS = (
					"DEBUG=1",
					"$(inherited)",
				);
				GCC_WARN_64_TO_32_BIT_CONVERSION = YES;
				GCC_WARN_ABOUT_RETURN_TYPE = YES_ERROR;
				GCC_WARN_UNDECLARED_SELECTOR = YES;
				GCC_WARN_UNINITIALIZED_AUTOS = YES_AGGRESSIVE;
				GCC_WARN_UNUSED_FUNCTION = YES;
				GCC_WARN_UNUSED_VARIABLE = YES;
				IPHONEOS_DEPLOYMENT_TARGET = 11.2;
				MTL_ENABLE_DEBUG_INFO = YES;
				ONLY_ACTIVE_ARCH = YES;
				SDKROOT = iphoneos;
				SWIFT_ACTIVE_COMPILATION_CONDITIONS = DEBUG;
				SWIFT_OPTIMIZATION_LEVEL = "-Onone";
			};
			name = Debug;
		};
		84D7D69D200AB23300CD6E4D /* Release */ = {
			isa = XCBuildConfiguration;
			buildSettings = {
				ALWAYS_SEARCH_USER_PATHS = NO;
				CLANG_ANALYZER_NONNULL = YES;
				CLANG_ANALYZER_NUMBER_OBJECT_CONVERSION = YES_AGGRESSIVE;
				CLANG_CXX_LANGUAGE_STANDARD = "gnu++14";
				CLANG_CXX_LIBRARY = "libc++";
				CLANG_ENABLE_MODULES = YES;
				CLANG_ENABLE_OBJC_ARC = YES;
				CLANG_WARN_BLOCK_CAPTURE_AUTORELEASING = YES;
				CLANG_WARN_BOOL_CONVERSION = YES;
				CLANG_WARN_COMMA = YES;
				CLANG_WARN_CONSTANT_CONVERSION = YES;
				CLANG_WARN_DIRECT_OBJC_ISA_USAGE = YES_ERROR;
				CLANG_WARN_DOCUMENTATION_COMMENTS = YES;
				CLANG_WARN_EMPTY_BODY = YES;
				CLANG_WARN_ENUM_CONVERSION = YES;
				CLANG_WARN_INFINITE_RECURSION = YES;
				CLANG_WARN_INT_CONVERSION = YES;
				CLANG_WARN_NON_LITERAL_NULL_CONVERSION = YES;
				CLANG_WARN_OBJC_LITERAL_CONVERSION = YES;
				CLANG_WARN_OBJC_ROOT_CLASS = YES_ERROR;
				CLANG_WARN_RANGE_LOOP_ANALYSIS = YES;
				CLANG_WARN_STRICT_PROTOTYPES = YES;
				CLANG_WARN_SUSPICIOUS_MOVE = YES;
				CLANG_WARN_UNGUARDED_AVAILABILITY = YES_AGGRESSIVE;
				CLANG_WARN_UNREACHABLE_CODE = YES;
				CLANG_WARN__DUPLICATE_METHOD_MATCH = YES;
				CODE_SIGN_IDENTITY = "iPhone Developer";
				COPY_PHASE_STRIP = NO;
				DEBUG_INFORMATION_FORMAT = "dwarf-with-dsym";
				ENABLE_NS_ASSERTIONS = NO;
				ENABLE_STRICT_OBJC_MSGSEND = YES;
				GCC_C_LANGUAGE_STANDARD = gnu11;
				GCC_NO_COMMON_BLOCKS = YES;
				GCC_WARN_64_TO_32_BIT_CONVERSION = YES;
				GCC_WARN_ABOUT_RETURN_TYPE = YES_ERROR;
				GCC_WARN_UNDECLARED_SELECTOR = YES;
				GCC_WARN_UNINITIALIZED_AUTOS = YES_AGGRESSIVE;
				GCC_WARN_UNUSED_FUNCTION = YES;
				GCC_WARN_UNUSED_VARIABLE = YES;
				IPHONEOS_DEPLOYMENT_TARGET = 11.2;
				MTL_ENABLE_DEBUG_INFO = NO;
				SDKROOT = iphoneos;
				SWIFT_OPTIMIZATION_LEVEL = "-Owholemodule";
				VALIDATE_PRODUCT = YES;
			};
			name = Release;
		};
		84D7D69F200AB23300CD6E4D /* Debug */ = {
			isa = XCBuildConfiguration;
			baseConfigurationReference = 06E33C69A9FCEFAAF45020A1 /* Pods-Elemap.debug.xcconfig */;
			buildSettings = {
				ASSETCATALOG_COMPILER_APPICON_NAME = AppIcon;
				CODE_SIGN_STYLE = Automatic;
				DEVELOPMENT_TEAM = AV23R78L97;
				INFOPLIST_FILE = Elemap/Info.plist;
				LD_RUNPATH_SEARCH_PATHS = "$(inherited) @executable_path/Frameworks";
				PRODUCT_BUNDLE_IDENTIFIER = IK.Elemap;
				PRODUCT_NAME = "$(TARGET_NAME)";
				SWIFT_VERSION = 4.0;
				TARGETED_DEVICE_FAMILY = "1,2";
			};
			name = Debug;
		};
		84D7D6A0200AB23300CD6E4D /* Release */ = {
			isa = XCBuildConfiguration;
			baseConfigurationReference = 7AA3C461798DE925CFD5DCFD /* Pods-Elemap.release.xcconfig */;
			buildSettings = {
				ASSETCATALOG_COMPILER_APPICON_NAME = AppIcon;
				CODE_SIGN_STYLE = Automatic;
				DEVELOPMENT_TEAM = AV23R78L97;
				INFOPLIST_FILE = Elemap/Info.plist;
				LD_RUNPATH_SEARCH_PATHS = "$(inherited) @executable_path/Frameworks";
				PRODUCT_BUNDLE_IDENTIFIER = IK.Elemap;
				PRODUCT_NAME = "$(TARGET_NAME)";
				SWIFT_VERSION = 4.0;
				TARGETED_DEVICE_FAMILY = "1,2";
			};
			name = Release;
		};
/* End XCBuildConfiguration section */

/* Begin XCConfigurationList section */
		84D7D687200AB23300CD6E4D /* Build configuration list for PBXProject "Elemap" */ = {
			isa = XCConfigurationList;
			buildConfigurations = (
				84D7D69C200AB23300CD6E4D /* Debug */,
				84D7D69D200AB23300CD6E4D /* Release */,
			);
			defaultConfigurationIsVisible = 0;
			defaultConfigurationName = Release;
		};
		84D7D69E200AB23300CD6E4D /* Build configuration list for PBXNativeTarget "Elemap" */ = {
			isa = XCConfigurationList;
			buildConfigurations = (
				84D7D69F200AB23300CD6E4D /* Debug */,
				84D7D6A0200AB23300CD6E4D /* Release */,
			);
			defaultConfigurationIsVisible = 0;
			defaultConfigurationName = Release;
		};
/* End XCConfigurationList section */
	};
	rootObject = 84D7D684200AB23300CD6E4D /* Project object */;
}
